github.com/DATA-DOG/go-sqlmock v1.5.2 h1:OcvFkGmslmlZibjAjaHm3L//6LiuBgolP7OputlJIzU=
github.com/DATA-DOG/go-sqlmock v1.5.2/go.mod h1:88MAG/4G7SMwSE3CeA0ZKzrT5CiOU3OJ+JlNzwDqpNU=
github.com/alecthomas/assert/v2 v2.10.0 h1:jjRCHsj6hBJhkmhznrCzoNpbA3zqy0fYiUcYZP/GkPY=
github.com/alecthomas/assert/v2 v2.10.0/go.mod h1:Bze95FyfUr7x34QZrjL+XP+0qgp/zg8yS+TtBj1WA3k=
github.com/alecthomas/repr v0.4.0 h1:GhI2A8MACjfegCPVq9f1FLvIBS+DrQ2KQBFZP1iFzXc=
github.com/alecthomas/repr v0.4.0/go.mod h1:Fr0507jx4eOXV7AlPV6AVZLYrLIuIeSOWtW57eE/O/4=
github.com/andybalholm/brotli v1.1.1 h1:PR2pgnyFznKEugtsUo0xLdDop5SKXd5Qf5ysW+7XdTA=
github.com/andybalholm/brotli v1.1.1/go.mod h1:05ib4cKhjx3OQYUY22hTVd34Bc8upXjOLL2rKwwZBoA=
github.com/aws/aws-sdk-go-v2 v1.41.3 h1:4kQ/fa22KjDt13QCy1+bYADvdgcxpfH18f0zP542kZA=
github.com/aws/aws-sdk-go-v2 v1.41.3/go.mod h1:mwsPRE8ceUUpiTgF7QmQIJ7lgsKUPQOUl3o72QBrE1o=
github.com/aws/aws-sdk-go-v2/aws/protocol/eventstream v1.7.5 h1:zWFmPmgw4sveAYi1mRqG+E/g0461cJ5M4bJ8/nc6d3Q=
github.com/aws/aws-sdk-go-v2/aws/protocol/eventstream v1.7.5/go.mod h1:nVUlMLVV8ycXSb7mSkcNu9e3v/1TJq2RTlrPwhYWr5c=
github.com/aws/aws-sdk-go-v2/config v1.32.7 h1:vxUyWGUwmkQ2g19n7JY/9YL8MfAIl7bTesIUykECXmY=
github.com/aws/aws-sdk-go-v2/config v1.32.7/go.mod h1:2/Qm5vKUU/r7Y+zUk/Ptt2MDAEKAfUtKc1+3U1Mo3oY=
github.com/aws/aws-sdk-go-v2/credentials v1.19.7 h1:tHK47VqqtJxOymRrNtUXN5SP/zUTvZKeLx4tH6PGQc8=
github.com/aws/aws-sdk-go-v2/credentials v1.19.7/go.mod h1:qOZk8sPDrxhf+4Wf4oT2urYJrYt3RejHSzgAquYeppw=
github.com/aws/aws-sdk-go-v2/feature/ec2/imds v1.18.17 h1:I0GyV8wiYrP8XpA70g1HBcQO1JlQxCMTW9npl5UbDHY=
github.com/aws/aws-sdk-go-v2/feature/ec2/imds v1.18.17/go.mod h1:tyw7BOl5bBe/oqvoIeECFJjMdzXoa/dfVz3QQ5lgHGA=
github.com/aws/aws-sdk-go-v2/internal/configsources v1.4.19 h1:/sECfyq2JTifMI2JPyZ4bdRN77zJmr6SrS1eL3augIA=
github.com/aws/aws-sdk-go-v2/internal/configsources v1.4.19/go.mod h1:dMf8A5oAqr9/oxOfLkC/c2LU/uMcALP0Rgn2BD5LWn0=
github.com/aws/aws-sdk-go-v2/internal/endpoints/v2 v2.7.19 h1:AWeJMk33GTBf6J20XJe6qZoRSJo0WfUhsMdUKhoODXE=
github.com/aws/aws-sdk-go-v2/internal/endpoints/v2 v2.7.19/go.mod h1:+GWrYoaAsV7/4pNHpwh1kiNLXkKaSoppxQq9lbH8Ejw=
github.com/aws/aws-sdk-go-v2/internal/ini v1.8.4 h1:WKuaxf++XKWlHWu9ECbMlha8WOEGm0OUEZqm4K/Gcfk=
github.com/aws/aws-sdk-go-v2/internal/ini v1.8.4/go.mod h1:ZWy7j6v1vWGmPReu0iSGvRiise4YI5SkR3OHKTZ6Wuc=
github.com/aws/aws-sdk-go-v2/internal/v4a v1.4.18 h1:eZioDaZGJ0tMM4gzmkNIO2aAoQd+je7Ug7TkvAzlmkU=
github.com/aws/aws-sdk-go-v2/internal/v4a v1.4.18/go.mod h1:CCXwUKAJdoWr6/NcxZ+zsiPr6oH/Q5aTooRGYieAyj4=
github.com/aws/aws-sdk-go-v2/service/acm v1.37.19 h1:6BPfgg/Y4Pmrdr8KDwHx2CYkw8qPEaGQ+aixjuAY/0U=
github.com/aws/aws-sdk-go-v2/service/acm v1.37.19/go.mod h1:mhOStWeEa1xP99WNNPstX75qgqWgJycL5H7UwZQbqbo=
github.com/aws/aws-sdk-go-v2/service/acmpca v1.46.10 h1:gS51h/TsRA0bi9cceJBSFFFWA9ctn/AKQX9+v/78LU0=
github.com/aws/aws-sdk-go-v2/service/acmpca v1.46.10/go.mod h1:rDFz0lInTwgStuv3DBGGfNsCW4KOF2eMPmnWMBAijNo=
github.com/aws/aws-sdk-go-v2/service/amplify v1.38.11 h1:/UxFVjP5hynrrJjmiS/83Ih+/SdMDDAFAQKPn/lAfLU=
github.com/aws/aws-sdk-go-v2/service/amplify v1.38.11/go.mod h1:BamsiJORt+BJwnM8ljlBe1pvSYzXTphRDVSX+HU4Hc4=
github.com/aws/aws-sdk-go-v2/service/apigateway v1.38.4 h1:V8gcFwJPP3eXZXpeui+p97JmO7WtCkQlEAHrE6Kyt0k=
github.com/aws/aws-sdk-go-v2/service/apigateway v1.38.4/go.mod h1:iJF5UdwkFue/YuUGCFsCCdT3SBMUx0s+h5TNi0Sz+qg=
github.com/aws/aws-sdk-go-v2/service/apigatewayv2 v1.33.5 h1:VUf8W+s2EQwajy6n+xCN9ctkhJsCJbpwPmzf49NtJM8=
github.com/aws/aws-sdk-go-v2/service/apigatewayv2 v1.33.5/go.mod h1:0/7yOW11zIEYILivvAmnKbyvYG+34Zb/JrnywtskyLw=
github.com/aws/aws-sdk-go-v2/service/apprunner v1.39.11 h1:UgJdQxdnHHqTkvPS6MxpnzzLXLmEJFIw4IlAHnYmiRU=
github.com/aws/aws-sdk-go-v2/service/apprunner v1.39.11/go.mod h1:jnuHguswq2yW+Dn4c4X6LKm2WxE4jfYk8rcgnn9MSU8=
github.com/aws/aws-sdk-go-v2/service/appstream v1.54.1 h1:58LVZBujDiqxMutrrwHOMJx3UQb02qGOObYPWy/FB7s=
github.com/aws/aws-sdk-go-v2/service/appstream v1.54.1/go.mod h1:X5StVxYGvswWbiHxv4TICjLeNh2UQ+bUs8q0isKwPpY=
github.com/aws/aws-sdk-go-v2/service/athena v1.57.0 h1:zWpbEE0+lqHikRPOWOsboqEw/j3lyOPIO0CsZKIy9og=
github.com/aws/aws-sdk-go-v2/service/athena v1.57.0/go.mod h1:4Hg2qtNOcRb/+xXK5wR+RbhIUV2/kKVLwtQg+Zih+X4=
github.com/aws/aws-sdk-go-v2/service/autoscaling v1.64.0 h1:s92jPptCu97RNwU1yF3jD4ahLZrQ0QkUIvrn464rQ2A=
github.com/aws/aws-sdk-go-v2/service/autoscaling v1.64.0/go.mod h1:8O5Pj92iNpfw/Fa7WdHbn6YiEjDoVdutz+9PGRNoP3Y=
github.com/aws/aws-sdk-go-v2/service/backup v1.54.7 h1:EzImeyHLbFxwadY5wF9iz0MHkRSzFDSF1YwogJqI4Ec=
github.com/aws/aws-sdk-go-v2/service/backup v1.54.7/go.mod h1:0846IFsi4f1vMGVegdL9M7bKieGgRZ5iVvzx/aY5xkg=
github.com/aws/aws-sdk-go-v2/service/batch v1.61.0 h1:UK6M7Pj2UGTOMLL5PC/oMYbzXlB4E2jgs9tYX2o9AOg=
github.com/aws/aws-sdk-go-v2/service/batch v1.61.0/go.mod h1:zvQNpgxKxTIm5UN7FbCc7/+tFPJ7P+1ShsyYYmtUj90=
github.com/aws/aws-sdk-go-v2/service/bedrock v1.55.0 h1:ZGDv11tfxsY0sA6juMAarqzH94TLSpmUA8n3soch7BY=
github.com/aws/aws-sdk-go-v2/service/bedrock v1.55.0/go.mod h1:NzNjovvosgFkbF8zPLhYDITchCMZapzCIClB+6kpvQw=
github.com/aws/aws-sdk-go-v2/service/cloudformation v1.71.6 h1:3Rzut9v4ULIX3kjA6w3/Zaq2g8wBx6qJXB4BhQhIgjs=
github.com/aws/aws-sdk-go-v2/service/cloudformation v1.71.6/go.mod h1:skaILkh1I1KNecsZHyNL4c6hdHop7apjt6YzAhezMkc=
github.com/aws/aws-sdk-go-v2/service/cloudfront v1.59.0 h1:evSZnlPGyDgStAmjLK9LcSoLvEk3oSUyJz4KIFfzJEs=
github.com/aws/aws-sdk-go-v2/service/cloudfront v1.59.0/go.mod h1:9Hd/cqshF4zl13KGLkWtRfITbvKR6m6FZHwhL2BYDSY=
github.com/aws/aws-sdk-go-v2/service/cloudtrail v1.55.6 h1:I/7eKwGn6VLi+Uj0evnV9ivdck2DG0GFNzhRJtBGt4U=
github.com/aws/aws-sdk-go-v2/service/cloudtrail v1.55.6/go.mod h1:KD0ez/ci26xygH+Cd8KdrAQN0BsTDhLmwnpZH7CzZQY=
github.com/aws/aws-sdk-go-v2/service/codebuild v1.68.10 h1:f8Umf89E6+QciH5Fk4J23EFgcukyX/FkVu7urYUcW/k=
github.com/aws/aws-sdk-go-v2/service/codebuild v1.68.10/go.mod h1:AqtqfJs5i0n0/SBo3/FD9rs3vnubrigU5B8iz+5YVHU=
github.com/aws/aws-sdk-go-v2/service/codedeploy v1.35.10 h1:NPRHOPH85ySKhCe5Y2GV9qPxUsVIzOAJgtQvlUEJf8g=
github.com/aws/aws-sdk-go-v2/service/codedeploy v1.35.10/go.mod h1:nFZzivYLsEtVakbNFRH12GL4Stlz2+8bYuWH3v4tijY=
github.com/aws/aws-sdk-go-v2/service/codepipeline v1.46.18 h1:NVanmRVJcOGUtIinEyzooub0kOF+r9DlrhBu1pOA1O8=
github.com/aws/aws-sdk-go-v2/service/codepipeline v1.46.18/go.mod h1:eEdHF/BZiVvL6atMUzOutsM0p1n0WPqAP5hGy/p1bYQ=
github.com/aws/aws-sdk-go-v2/service/cognitoidentity v1.33.20 h1:ZEijcC7Fpm0X+CeecuHD7t62ZbV6XSRDyR1ceUylJdc=
github.com/aws/aws-sdk-go-v2/service/cognitoidentity v1.33.20/go.mod h1:43TnVpni4CD4UNkAXlKGre9l33QrZUL876YXYBHJ5bE=
github.com/aws/aws-sdk-go-v2/service/cognitoidentityprovider v1.59.1 h1:JF83VL8nhIzxb2QpGZAPXpiEyiufpcz2ItU8+PIUvaU=
github.com/aws/aws-sdk-go-v2/service/cognitoidentityprovider v1.59.1/go.mod h1:3bD6YrLyTrWfYT+tNiZY/16RFvTBacjalaMu7KFglcE=
github.com/aws/aws-sdk-go-v2/service/configservice v1.61.1 h1:aho+qoT/ybRPv3EKee98Pc1hZcKRd5ECrv+KdCdj2I8=
github.com/aws/aws-sdk-go-v2/service/configservice v1.61.1/go.mod h1:jAsoyYj8HSPYo4ZMaoGtDG622Nz8VXtsYVA8jyPYyqI=
github.com/aws/aws-sdk-go-v2/service/connect v1.163.0 h1:m9hGT0hRYoSNy6LntoRzg1lwr/DVs6wKarSao8TC8Yo=
github.com/aws/aws-sdk-go-v2/service/connect v1.163.0/go.mod h1:p+yU6+bOME7KLo8NR7en5xDiERclATRi1KFvWm2tabs=
github.com/aws/aws-sdk-go-v2/service/controltower v1.28.6 h1:ZP2ds0UBbPNZUX6vZVYsYQUfShGseqcH2WZ85sm1MBk=
github.com/aws/aws-sdk-go-v2/service/controltower v1.28.6/go.mod h1:PaycJVkf9iKdolYHCVJaEidXO+MXIsrtWb8SyGxYVJ4=
github.com/aws/aws-sdk-go-v2/service/costexplorer v1.63.3 h1:4/SsyLjRsD+mub/wEt9xjo/SVPzl1idgwvDtklvp8tw=
github.com/aws/aws-sdk-go-v2/service/costexplorer v1.63.3/go.mod h1:GMraVPHg0sV7jaLWiOpIcpo6wA2OyXgJmgPh/GREv9w=
github.com/aws/aws-sdk-go-v2/service/databasemigrationservice v1.61.6 h1:a+F+firFUxH/T+inPp0V69lb3HIk74L9hgXqdZFTDI8=
github.com/aws/aws-sdk-go-v2/service/databasemigrationservice v1.61.6/go.mod h1:cG/3JN4ziHZhbsyA0+z3sb0fdCxll/kZhgMtiCVRyIw=
github.com/aws/aws-sdk-go-v2/service/datasync v1.57.2 h1:86NozG198I40ec+IiRg7MBNKksauPK2LTS/HI+WoApg=
github.com/aws/aws-sdk-go-v2/service/datasync v1.57.2/go.mod h1:Ibr7YIGX1HdnpqQicZjtSQcySm1oVE0yy19V25J9YqA=
github.com/aws/aws-sdk-go-v2/service/directconnect v1.38.12 h1:jTjCUj61HLa3rk/GGnoLjv5iElFDlmdCoXyqAPRxpy4=
github.com/aws/aws-sdk-go-v2/service/directconnect v1.38.12/go.mod h1:TY3yvOssvgQqFskskRdAMQx+waaGKzoFX5HMXtOiRG8=
github.com/aws/aws-sdk-go-v2/service/docdb v1.48.10 h1:aw59m55wIeFYhdVFcgq5b+7MCpooTFVOHPdvX2PhsPk=
github.com/aws/aws-sdk-go-v2/service/docdb v1.48.10/go.mod h1:fuhW2BapcKE3tezDFhQogCTXDwNfdvj2zKu5qrECE8Y=
github.com/aws/aws-sdk-go-v2/service/dynamodb v1.53.6 h1:LNmvkGzDO5PYXDW6m7igx+s2jKaPchpfbS0uDICywFc=
github.com/aws/aws-sdk-go-v2/service/dynamodb v1.53.6/go.mod h1:ctEsEHY2vFQc6i4KU07q4n68v7BAmTbujv2Y+z8+hQY=
github.com/aws/aws-sdk-go-v2/service/ec2 v1.279.1 h1:hnNVFVOYrzJjkqI+mxc1M4ztgcVw986n0t0TCPlnDPY=
github.com/aws/aws-sdk-go-v2/service/ec2 v1.279.1/go.mod h1:Uy+C+Sc58jozdoL1McQr8bDsEvNFx+/nBY+vpO1HVUY=
github.com/aws/aws-sdk-go-v2/service/ecr v1.55.1 h1:B7f9R99lCF83XlolTg6d6Lvghyto+/VU83ZrneAVfK8=
github.com/aws/aws-sdk-go-v2/service/ecr v1.55.1/go.mod h1:cpYRXx5BkmS3mwWRKPbWSPKmyAUNL7aLWAPiiinwk/U=
github.com/aws/aws-sdk-go-v2/service/ecrpublic v1.38.10 h1:1A/sI3LNMi3fhRI5TFLMwwo7ALAALSFVCSGvFlr1Iys=
github.com/aws/aws-sdk-go-v2/service/ecrpublic v1.38.10/go.mod h1:Diyyyz0b43X13pdi1mVMqlTwDjOmRbJMvDsqnduUYWM=
github.com/aws/aws-sdk-go-v2/service/ecs v1.70.1 h1:3USGpUZbK84ZuMh5vdFj/I5W+N4DrarfASdrjVBETvc=
github.com/aws/aws-sdk-go-v2/service/ecs v1.70.1/go.mod h1:pMlGFDpHoLTJOIZHGdJOAWmi+xeIlQXuFTuQxs1epYE=
github.com/aws/aws-sdk-go-v2/service/efs v1.41.10 h1:7ixaaFyZ8xXJWPcK3qQKFf1k1HgME9rtCY7S6Unih8I=
github.com/aws/aws-sdk-go-v2/service/efs v1.41.10/go.mod h1:QwCUd/L5/HX4s/uWt3LPEOwQb/AYE4OyMGB8SL9/W4Y=
github.com/aws/aws-sdk-go-v2/service/eks v1.76.4 h1:5f9jIMcEd0wvRpEoo925Ltfw/2Yalcf+amFm3e1tRd8=
github.com/aws/aws-sdk-go-v2/service/eks v1.76.4/go.mod h1:Qg678m+87sCuJhcsZojenz8mblYG+Tq86V4m3hjVz0s=
github.com/aws/aws-sdk-go-v2/service/elasticache v1.51.9 h1:hTgZLyNoDWphZUtTtcvQh0LP6TZO0mtdSfZK/GObDLk=
github.com/aws/aws-sdk-go-v2/service/elasticache v1.51.9/go.mod h1:91RkIYy9ubykxB50XGYDsbljLZnrZ6rp/Urt4rZrbwQ=
github.com/aws/aws-sdk-go-v2/service/elasticbeanstalk v1.33.20 h1:0jvM1QtdJPeox3KX7zLV0XWb1rJpvHmVkoAPY3P3hz0=
github.com/aws/aws-sdk-go-v2/service/elasticbeanstalk v1.33.20/go.mod h1:73bxyBZbIDX0ulG9AgJsGgodZSiqwMoWDyiDY8Rj6Zk=
github.com/aws/aws-sdk-go-v2/service/elasticloadbalancing v1.33.19 h1:ybEda2mkkX2o8NadXZBtcO9tgmW9cTQgeVSjypNsAy0=
github.com/aws/aws-sdk-go-v2/service/elasticloadbalancing v1.33.19/go.mod h1:RiMytGvN4azx4yLM0Kn3bX/XO9dLxj+eG72Smy+vNzI=
github.com/aws/aws-sdk-go-v2/service/elasticloadbalancingv2 v1.54.6 h1:fQR1aeZKaiPkNPya0JMy2nhsoqoSgIWc3/QTiTiL1K0=
github.com/aws/aws-sdk-go-v2/service/elasticloadbalancingv2 v1.54.6/go.mod h1:oJRLDix51wqBDlP9dv+blFkvvf7HESolQz5cdhdmV4A=
github.com/aws/aws-sdk-go-v2/service/emr v1.57.6 h1:QLLd/nH9Fzl4Te0TLOK8N5NCwYirV1syGs0ch6mD1Tg=
github.com/aws/aws-sdk-go-v2/service/emr v1.57.6/go.mod h1:5ZWvbMrycgRQrGRDo07wAh7PacRtbsCTf0YlEVzLvYs=
github.com/aws/aws-sdk-go-v2/service/eventbridge v1.45.18 h1:Zqe/Mbpjy3Vk0IKreW4cdxz2PBb0JNCeMwYAKbuBnvg=
github.com/aws/aws-sdk-go-v2/service/eventbridge v1.45.18/go.mod h1:oGNgLQOntNCt7Tl3d1NQu5QKFxdufg4huUAmyNECPDU=
github.com/aws/aws-sdk-go-v2/service/firehose v1.42.10 h1:2URRdWN7gngR23D7bV80k5RzZQDPajJule59W4f2Hyk=
github.com/aws/aws-sdk-go-v2/service/firehose v1.42.10/go.mod h1:et0gCyLAbR4PfCbSwk9iNAOG/0Mz4xX5U8FmMl1yAQE=
github.com/aws/aws-sdk-go-v2/service/fms v1.44.19 h1:fy8H4p6agItQQayn7MwXjV4fLM4WGE+gxXd83Ux1R+w=
github.com/aws/aws-sdk-go-v2/service/fms v1.44.19/go.mod h1:rmlbqf3rf3Qb/GwaAfXGFB4iOuFf+c+cqLuuOb+qm9g=
github.com/aws/aws-sdk-go-v2/service/fsx v1.65.4 h1:KLPAf23huJzfONkbTUZky1FniygVRx28aRsrPjR0Ddw=
github.com/aws/aws-sdk-go-v2/service/fsx v1.65.4/go.mod h1:QkRNfemFd2g8Vn8HAn/JH2J4Fv5DlTX3schf2Tel62o=
github.com/aws/aws-sdk-go-v2/service/globalaccelerator v1.35.12 h1:roaLeO9UrHyLX0JHGQE69qE8OoXqxE8OwKa2M2Q1C7Q=
github.com/aws/aws-sdk-go-v2/service/globalaccelerator v1.35.12/go.mod h1:P08r4Ny/ZVk3eorqnNgZvpqrVRQHiYSk8ZMKEuX8o+8=
github.com/aws/aws-sdk-go-v2/service/glue v1.137.0 h1:gPQ3FlHOFQELCiNSc76CS9B1G7wBT73PktKG64Q3tRc=
github.com/aws/aws-sdk-go-v2/service/glue v1.137.0/go.mod h1:B6g7dsUUg4QUcH6zou32L1LDXjgtk/YjVFcu09jXv10=
github.com/aws/aws-sdk-go-v2/service/guardduty v1.73.1 h1:1Zp+XmEgiPfs0IbzXzAnx071KoNmlsDnc5qgIXA2iDM=
github.com/aws/aws-sdk-go-v2/service/guardduty v1.73.1/go.mod h1:O4v0uEFkaezASRsB1Cuo9h/cjD8piEx+anWS6RbQqNA=
github.com/aws/aws-sdk-go-v2/service/iam v1.53.2 h1:62G6btFUwAa5uR5iPlnlNVAM0zJSLbWgDfKOfUC7oW4=
github.com/aws/aws-sdk-go-v2/service/iam v1.53.2/go.mod h1:av9clChrbZbJ5E21msSsiT2oghl2BJHfQGhCkXmhyu8=
github.com/aws/aws-sdk-go-v2/service/inspector2 v1.47.1 h1:LbiVuoEwDH+SUaThI1ksrtwU/JDHv8UZfA0J8J8EogY=
github.com/aws/aws-sdk-go-v2/service/inspector2 v1.47.1/go.mod h1:qIx0oSXjqDkDJxgbSVW7veqsJHi3HgXPm49ME74brOk=
github.com/aws/aws-sdk-go-v2/service/internal/accept-encoding v1.13.5 h1:CeY9LUdur+Dxoeldqoun6y4WtJ3RQtzk0JMP2gfUay0=
github.com/aws/aws-sdk-go-v2/service/internal/accept-encoding v1.13.5/go.mod h1:AZLZf2fMaahW5s/wMRciu1sYbdsikT/UHwbUjOdEVTc=
github.com/aws/aws-sdk-go-v2/service/internal/checksum v1.9.8 h1:Z5EiPIzXKewUQK0QTMkutjiaPVeVYXX7KIqhXu/0fXs=
github.com/aws/aws-sdk-go-v2/service/internal/checksum v1.9.8/go.mod h1:FsTpJtvC4U1fyDXk7c71XoDv3HlRm8V3NiYLeYLh5YE=
github.com/aws/aws-sdk-go-v2/service/internal/endpoint-discovery v1.11.18 h1:J8H6iJPIb40gWCjAHfFCCergiy94TuJ5bFxaF+OGRcY=
github.com/aws/aws-sdk-go-v2/service/internal/endpoint-discovery v1.11.18/go.mod h1:59002AlnnGT2qznAiC0Hi+WhheaEWTiWyAeA9DQf0/w=
github.com/aws/aws-sdk-go-v2/service/internal/presigned-url v1.13.18 h1:LTRCYFlnnKFlKsyIQxKhJuDuA3ZkrDQMRYm6rXiHlLY=
github.com/aws/aws-sdk-go-v2/service/internal/presigned-url v1.13.18/go.mod h1:XhwkgGG6bHSd00nO/mexWTcTjgd6PjuvWQMqSn2UaEk=
github.com/aws/aws-sdk-go-v2/service/internal/s3shared v1.19.18 h1:/A/xDuZAVD2BpsS2fftFRo/NoEKQJ8YTnJDEHBy2Gtg=
github.com/aws/aws-sdk-go-v2/service/internal/s3shared v1.19.18/go.mod h1:hWe9b4f+djUQGmyiGEeOnZv69dtMSgpDRIvNMvuvzvY=
github.com/aws/aws-sdk-go-v2/service/kafka v1.48.1 h1:Nw0IgYxXi/UO5PdcsGI89B45fDWg1M7OWGfiCNXLbYI=
github.com/aws/aws-sdk-go-v2/service/kafka v1.48.1/go.mod h1:Y/e9hvUWYQ0GOVGvmhAWf704h8Wn3vBmAfjydhbsv/o=
github.com/aws/aws-sdk-go-v2/service/kinesis v1.43.1 h1:rnQBqK+aD4aXVYd8TKvsVyW7I8ftYoCkghx+Oy2SbKM=
github.com/aws/aws-sdk-go-v2/service/kinesis v1.43.1/go.mod h1:umzl/XlRWxeiDQbFMXVFXQZsWMDJE5XLkNnMRTGaOmc=
github.com/aws/aws-sdk-go-v2/service/kinesisanalyticsv2 v1.36.21 h1:rSMjH+TzeOYrR1DZKCep+dveOo3ABK3xqqJ1g7AqXWA=
github.com/aws/aws-sdk-go-v2/service/kinesisanalyticsv2 v1.36.21/go.mod h1:mvhGGHoO94E2V3OMB8H3YyviVWfI9CK+w9VaGBxy0Qc=
github.com/aws/aws-sdk-go-v2/service/kinesisvideo v1.33.5 h1:7Ui+iJNJVU4RKAq2VbBi2cV799wwCzZrZyQqUscpopQ=
github.com/aws/aws-sdk-go-v2/service/kinesisvideo v1.33.5/go.mod h1:eDtgYC5OEZcbatdePhG4z9jYia9x666WzJE2AySBrE8=
github.com/aws/aws-sdk-go-v2/service/kms v1.50.1 h1:wb/PYYm3wlcqGzw7Ls4GD3X5+seDDoNdVYIB6I/V87E=
github.com/aws/aws-sdk-go-v2/service/kms v1.50.1/go.mod h1:xvHowJ6J9CuaFE04S8fitWQXytf4sHz3DTPGhw9FtmU=
github.com/aws/aws-sdk-go-v2/service/lambda v1.87.1 h1:QBdmTXWwqVgx0PueT/Xgp2+al5HR0gAV743pTzYeBRw=
github.com/aws/aws-sdk-go-v2/service/lambda v1.87.1/go.mod h1:ogjbkxFgFOjG3dYFQ8irC92gQfpfMDcy1RDKNSZWXNU=
github.com/aws/aws-sdk-go-v2/service/licensemanager v1.37.8 h1:AVOKaJABEvn1I2qpP4y3dYJGZ9jP9wR/RgGjJFEKemk=
github.com/aws/aws-sdk-go-v2/service/licensemanager v1.37.8/go.mod h1:/IrX7LdncVqiMBN1VLChuc8n2bgukzOWYaM9/ybGid4=
github.com/aws/aws-sdk-go-v2/service/macie2 v1.50.10 h1:9IsSMmDFdBtE9wOIhbCcf8cHIjOnEOgwrwL1Xaeoyek=
github.com/aws/aws-sdk-go-v2/service/macie2 v1.50.10/go.mod h1:1AU5hp+e97y8Un7bmzbK3XLNgiGNnUBDNlVWhmEzc90=
github.com/aws/aws-sdk-go-v2/service/memorydb v1.33.11 h1:x6HDPWtaW5tMb2xZMC5nQapwqDE5N4zh0wIeZ/DXXBs=
github.com/aws/aws-sdk-go-v2/service/memorydb v1.33.11/go.mod h1:ATndpyNyjkR/mdlts2H0f/kWCbKg4o7srgMQGGoHmRQ=
github.com/aws/aws-sdk-go-v2/service/mq v1.34.16 h1:4CAqfb4Ap1H7RHcNSmsN7Wtp/Uz+6qOe47Tz5BBi0hA=
github.com/aws/aws-sdk-go-v2/service/mq v1.34.16/go.mod h1:9xnc4pg7ac5f9A2QtNIvUbvvClh2CTV66vn9wuejaWQ=
github.com/aws/aws-sdk-go-v2/service/neptune v1.44.0 h1:FUoZTphHGDA0XlGhVWS+71JgbJ9B7+thQtXqvlckbHg=
github.com/aws/aws-sdk-go-v2/service/neptune v1.44.0/go.mod h1:L7ucMfr73jOMuNsYCvVUktEgddOzpzqIFmHphHo1Nhk=
github.com/aws/aws-sdk-go-v2/service/networkfirewall v1.59.5 h1:atVRUNiG3hrpntduj0OExYB31F59zr+eavoAecVNMhQ=
github.com/aws/aws-sdk-go-v2/service/networkfirewall v1.59.5/go.mod h1:Lr/sslNngRPyPo2FeWkEo02t9f/CjkzSIeR0MqRh8ao=
github.com/aws/aws-sdk-go-v2/service/opensearch v1.57.1 h1:OrmXg1h8sBVrjg5wk0HYVMTR7d58WQv+5VSE1ZmrpC4=
github.com/aws/aws-sdk-go-v2/service/opensearch v1.57.1/go.mod h1:10SvxQZwSf5bsNaG2AiBEbibx2bmNfT8r4q4pF7hXr4=
github.com/aws/aws-sdk-go-v2/service/opensearchserverless v1.29.1 h1:O+CAr008xyYlfeCydTFfB9U5aHMqDrWzSekp+ecfqJo=
github.com/aws/aws-sdk-go-v2/service/opensearchserverless v1.29.1/go.mod h1:8sVYEPX5vwEWrld7Ae719UR7ZzddvFnEZZ0wn6OEjIA=
github.com/aws/aws-sdk-go-v2/service/organizations v1.50.3 h1:pqPwpyOjYTYwlexnCxSsy6kIz2lopj7AMA0TEpwvKfw=
github.com/aws/aws-sdk-go-v2/service/organizations v1.50.3/go.mod h1:v6v+HUbPtcnQ5iMgpz3vj9yV5pmMJ88PVJv1RbkCg74=
github.com/aws/aws-sdk-go-v2/service/quicksight v1.103.0 h1:Zm3DRFTc63eLZxee5GPDXBJUwCbIpfo930911zIw83c=
github.com/aws/aws-sdk-go-v2/service/quicksight v1.103.0/go.mod h1:L5xZ0QGQPEq1g5pfTeGPxUJvLyHT3alS/r5hHvxJ5EA=
github.com/aws/aws-sdk-go-v2/service/rds v1.113.2 h1:KoK0CC7i5Nfl9mdIBSMuqZwQa57mDPlRuhcur0o+Hi0=
github.com/aws/aws-sdk-go-v2/service/rds v1.113.2/go.mod h1:JBRYWpz5oXQtHgQC+X8LX9lh0FBCwRHJlWEIT+TTLaE=
github.com/aws/aws-sdk-go-v2/service/redshift v1.62.2 h1:HpYUpTGEI6XrGr+6obKq0IhbNvSiJztDWaOVFJs9IMc=
github.com/aws/aws-sdk-go-v2/service/redshift v1.62.2/go.mod h1:uPtec9OvBSEaiCIDuzwuSYgNHaiCsncChe8225dLYSU=
github.com/aws/aws-sdk-go-v2/service/route53 v1.62.1 h1:1jIdwWOulae7bBLIgB36OZ0DINACb1wxM6wdGlx4eHE=
github.com/aws/aws-sdk-go-v2/service/route53 v1.62.1/go.mod h1:tE2zGlMIlxWv+7Otap7ctRp3qeKqtnja7DZguj3Vu/Y=
github.com/aws/aws-sdk-go-v2/service/route53resolver v1.42.2 h1:D54xyxi00fXBCTEzg/2HAZr4YeZS/aoif6FfRsCAFx8=
github.com/aws/aws-sdk-go-v2/service/route53resolver v1.42.2/go.mod h1:kOKvnZVJ5Lwc0Cv7fDQb0gdKOJC+oRqZYXN5MbdWx54=
github.com/aws/aws-sdk-go-v2/service/s3 v1.95.1 h1:C2dUPSnEpy4voWFIq3JNd8gN0Y5vYGDo44eUE58a/p8=
github.com/aws/aws-sdk-go-v2/service/s3 v1.95.1/go.mod h1:5jggDlZ2CLQhwJBiZJb4vfk4f0GxWdEDruWKEJ1xOdo=
github.com/aws/aws-sdk-go-v2/service/s3control v1.68.1 h1:4QG80z0U97W4dQrZRgZlnMgLq/QC/eZegQct0aIjDso=
github.com/aws/aws-sdk-go-v2/service/s3control v1.68.1/go.mod h1:wtMhE5a4RHx4aXoQLJvOIPFs15LcEEov0jWwoFRX71c=
github.com/aws/aws-sdk-go-v2/service/sagemaker v1.233.1 h1:Wx9PBanAjQoaTic4/syMZkvDhwYQ35uHHFiHANHR4vA=
github.com/aws/aws-sdk-go-v2/service/sagemaker v1.233.1/go.mod h1:vHHLHyX3/W2ju1unIDtxTdWMJEQ9wLWf0/WXzB7aYOM=
github.com/aws/aws-sdk-go-v2/service/secretsmanager v1.41.1 h1:72DBkm/CCuWx2LMHAXvLDkZfzopT3psfAeyZDIt1/yE=
github.com/aws/aws-sdk-go-v2/service/secretsmanager v1.41.1/go.mod h1:A+oSJxFvzgjZWkpM0mXs3RxB5O1SD6473w3qafOC9eU=
github.com/aws/aws-sdk-go-v2/service/securityhub v1.68.0 h1:3RWHYox000aCsZT85jVVWaEujLq01MumFRGPAA3S0d0=
github.com/aws/aws-sdk-go-v2/service/securityhub v1.68.0/go.mod h1:2lCBuCX+mx0aVBXqhQiTWO+m+kzv5ke+FWKP2TuDn34=
github.com/aws/aws-sdk-go-v2/service/servicecatalog v1.39.10 h1:lfyL122hSoBQbRSf0khrje6H9AhgFmlPkwSpJTtevXw=
github.com/aws/aws-sdk-go-v2/service/servicecatalog v1.39.10/go.mod h1:QP4Cm1T2yxVN3qbChXAUGXkW2KKdoKtJTKk5nVeUehs=
github.com/aws/aws-sdk-go-v2/service/sesv2 v1.59.2 h1:MJ6IIv3VdXESqoORpAgQJYSWLrY7G1AuT8XBQKWCUq8=
github.com/aws/aws-sdk-go-v2/service/sesv2 v1.59.2/go.mod h1:Qj7f4iKqd4n/UKcuWwlFhd1irk6S3H27r8QpfVItCZc=
github.com/aws/aws-sdk-go-v2/service/sfn v1.40.6 h1:DFvanPtonXUABFxMg392QtaZgJPJaU6mt+MHIjeS3hg=
github.com/aws/aws-sdk-go-v2/service/sfn v1.40.6/go.mod h1:wpqc1NsRtOpORLpKEfJowauuE3x5JxXG3maTFbZpUJU=
github.com/aws/aws-sdk-go-v2/service/shield v1.34.18 h1:iHMYstjSQnilPg+PNEeLYbzP0pLSlGMKvIEeFZM3NLE=
github.com/aws/aws-sdk-go-v2/service/shield v1.34.18/go.mod h1:hFrOHd6PRSYqXMmvrTOWN9IldfoEJevOF55LpUgCLeg=
github.com/aws/aws-sdk-go-v2/service/signin v1.0.5 h1:VrhDvQib/i0lxvr3zqlUwLwJP4fpmpyD9wYG1vfSu+Y=
github.com/aws/aws-sdk-go-v2/service/signin v1.0.5/go.mod h1:k029+U8SY30/3/ras4G/Fnv/b88N4mAfliNn08Dem4M=
github.com/aws/aws-sdk-go-v2/service/sns v1.39.11 h1:Ke7RS0NuP9Xwk31prXYcFGA1Qfn8QmNWcxyjKPcXZdc=
github.com/aws/aws-sdk-go-v2/service/sns v1.39.11/go.mod h1:hdZDKzao0PBfJJygT7T92x2uVcWc/htqlhrjFIjnHDM=
github.com/aws/aws-sdk-go-v2/service/sqs v1.42.21 h1:Oa0IhwDLVrcBHDlNo1aosG4CxO4HyvzDV5xUWqWcBc0=
github.com/aws/aws-sdk-go-v2/service/sqs v1.42.21/go.mod h1:t98Ssq+qtXKXl2SFtaSkuT6X42FSM//fnO6sfq5RqGM=
github.com/aws/aws-sdk-go-v2/service/ssm v1.67.8 h1:31Llf5VfrZ78YvYs7sWcS7L2m3waikzRc6q1nYenVS4=
github.com/aws/aws-sdk-go-v2/service/ssm v1.67.8/go.mod h1:/jgaDlU1UImoxTxhRNxXHvBAPqPZQ8oCjcPbbkR6kac=
github.com/aws/aws-sdk-go-v2/service/sso v1.30.9 h1:v6EiMvhEYBoHABfbGB4alOYmCIrcgyPPiBE1wZAEbqk=
github.com/aws/aws-sdk-go-v2/service/sso v1.30.9/go.mod h1:yifAsgBxgJWn3ggx70A3urX2AN49Y5sJTD1UQFlfqBw=
github.com/aws/aws-sdk-go-v2/service/ssooidc v1.35.13 h1:gd84Omyu9JLriJVCbGApcLzVR3XtmC4ZDPcAI6Ftvds=
github.com/aws/aws-sdk-go-v2/service/ssooidc v1.35.13/go.mod h1:sTGThjphYE4Ohw8vJiRStAcu3rbjtXRsdNB0TvZ5wwo=
github.com/aws/aws-sdk-go-v2/service/sts v1.41.6 h1:5fFjR/ToSOzB2OQ/XqWpZBmNvmP/pJ1jOWYlFDJTjRQ=
github.com/aws/aws-sdk-go-v2/service/sts v1.41.6/go.mod h1:qgFDZQSD/Kys7nJnVqYlWKnh0SSdMjAi0uSwON4wgYQ=
github.com/aws/aws-sdk-go-v2/service/timestreamwrite v1.35.17 h1:Wlwn7YHQD3EWt1nQ9vSfeuQWZxI3BjDIRdzNF1rSeJQ=
github.com/aws/aws-sdk-go-v2/service/timestreamwrite v1.35.17/go.mod h1:ENvCiX8Lsds2dgCXynL6PcPgxcdzmsG6BYH0RZ+xPng=
github.com/aws/aws-sdk-go-v2/service/transfer v1.69.2 h1:ExjMZWZycC4DYF3VPgyj6bRCtwVLlMpEj61aSRhChg4=
github.com/aws/aws-sdk-go-v2/service/transfer v1.69.2/go.mod h1:rW8fhbWykb6VG4mqWs8A6sp6GZgIlZqoVdiZWgml6wE=
github.com/aws/aws-sdk-go-v2/service/wafv2 v1.71.0 h1:a40qFXnkat946VMeZtI7X3JiqIzBwGZtnpIIFrTuKPk=
github.com/aws/aws-sdk-go-v2/service/wafv2 v1.71.0/go.mod h1:znM+D8YzkWgTxxWPcve6uGaSYQNnSW/caPI+UdzA8lY=
github.com/aws/aws-sdk-go-v2/service/workspaces v1.66.1 h1:POk3w7NHXzxxeJPhM9pOKhur7kYpLOT8EikKw9MdZ38=
github.com/aws/aws-sdk-go-v2/service/workspaces v1.66.1/go.mod h1:olJE4Imk79MHuSXZsZ2Vz4VzV88YnaoJiBNS6p/QhUM=
github.com/aws/smithy-go v1.24.2 h1:FzA3bu/nt/vDvmnkg+R8Xl46gmzEDam6mZ1hzmwXFng=
github.com/aws/smithy-go v1.24.2/go.mod h1:YE2RhdIuDbA5E5bTdciG9KrW3+TiEONeUWCqxX9i1Fc=
github.com/beorn7/perks v1.0.1 h1:VlbKKnNfV8bJzeqoa4cOKqO6bYr3WgKZxO8Z16+hsOM=
github.com/beorn7/perks v1.0.1/go.mod h1:G2ZrVWU2WbWT9wwq4/hrbKbnv/1ERSJQ0ibhJ6rlkpw=
github.com/cespare/xxhash/v2 v2.3.0 h1:UL815xU9SqsFlibzuggzjXhog7bL6oX9BbNZnL2UFvs=
github.com/cespare/xxhash/v2 v2.3.0/go.mod h1:VGX0DQ3Q6kWi7AoAeZDth3/j3BFtOZR5XLFGgcrjCOs=
github.com/coreos/go-systemd/v22 v22.5.0/go.mod h1:Y58oyj3AT4RCenI/lSvhwexgC+NSVTIJ3seZv2GcEnc=
github.com/davecgh/go-spew v1.1.1 h1:vj9j/u1bqnvCEfJOwUhtlOARqs3+rkHYY13jYWTU97c=
github.com/davecgh/go-spew v1.1.1/go.mod h1:J7Y8YcW2NihsgmVo/mv3lAwl/skON4iLHjSsI+c5H38=
github.com/frankban/quicktest v1.14.6 h1:7Xjx+VpznH+oBnejlPUj8oUpdxnVs4f8XU8WnHkI4W8=
github.com/frankban/quicktest v1.14.6/go.mod h1:4ptaffx2x8+WTWXmUCuVU6aPUX1/Mz7zb5vbUoiM6w0=
github.com/fsnotify/fsnotify v1.9.0 h1:2Ml+OJNzbYCTzsxtv8vKSFD9PbJjmhYF14k/jKC7S9k=
github.com/fsnotify/fsnotify v1.9.0/go.mod h1:8jBTzvmWwFyi3Pb8djgCCO5IBqzKJ/Jwo8TRcHyHii0=
github.com/go-viper/mapstructure/v2 v2.4.0 h1:EBsztssimR/CONLSZZ04E8qAkxNYq4Qp9LvH92wZUgs=
github.com/go-viper/mapstructure/v2 v2.4.0/go.mod h1:oJDH3BJKyqBA2TXFhDsKDGDTlndYOZ6rGS0BRZIxGhM=
github.com/godbus/dbus/v5 v5.0.4/go.mod h1:xhWf0FNVPg57R7Z0UbKHbJfkEywrmjJnf7w5xrFpKfA=
github.com/google/go-cmp v0.7.0 h1:wk8382ETsv4JYUZwIsn6YpYiWiBsYLSJiTsyBybVuN8=
github.com/google/go-cmp v0.7.0/go.mod h1:pXiqmnSA92OHEEa9HXL2W4E7lf9JzCmGVUdgjX3N/iU=
github.com/google/uuid v1.6.0 h1:NIvaJDMOsjHA8n1jAhLSgzrAzy1Hgr+hNrb57e+94F0=
github.com/google/uuid v1.6.0/go.mod h1:TIyPZe4MgqvfeYDBFedMoGGpEw/LqOeaOT+nhxU+yHo=
github.com/hexops/gotextdiff v1.0.3 h1:gitA9+qJrrTCsiCl7+kh75nPqQt1cx4ZkudSTLoUqJM=
github.com/hexops/gotextdiff v1.0.3/go.mod h1:pSWU5MAI3yDq+fZBTazCSJysOMbxWL1BSow5/V2vxeg=
github.com/klauspost/compress v1.18.0 h1:c/Cqfb0r+Yi+JtIEq73FWXVkRonBlf0CRNYc8Zttxdo=
github.com/klauspost/compress v1.18.0/go.mod h1:2Pp+KzxcywXVXMr50+X0Q/Lsb43OQHYWRCY2AiWywWQ=
github.com/kr/pretty v0.3.1 h1:flRD4NNwYAUpkphVc1HcthR4KEIFJ65n8Mw5qdRn3LE=
github.com/kr/pretty v0.3.1/go.mod h1:hoEshYVHaxMs3cyo3Yncou5ZscifuDolrwPKZanG3xk=
github.com/kr/text v0.2.0 h1:5Nx0Ya0ZqY2ygV366QzturHI13Jq95ApcVaJBhpS+AY=
github.com/kr/text v0.2.0/go.mod h1:eLer722TekiGuMkidMxC/pM04lWEeraHUUmBw8l2grE=
github.com/kylelemons/godebug v1.1.0 h1:RPNrshWIDI6G2gRW9EHilWtl7Z6Sb1BR0xunSBf0SNc=
github.com/kylelemons/godebug v1.1.0/go.mod h1:9/0rRGxNHcop5bhtWyNeEfOS8JIWk580+fNqagV/RAw=
github.com/mattn/go-colorable v0.1.13 h1:fFA4WZxdEF4tXPZVKMLwD8oUnCTTo08duU7wxecdEvA=
github.com/mattn/go-colorable v0.1.13/go.mod h1:7S9/ev0klgBDR4GtXTXX8a3vIGJpMovkB8vQcUbaXHg=
github.com/mattn/go-isatty v0.0.16/go.mod h1:kYGgaQfpe5nmfYZH+SKPsOc2e4SrIfOl2e/yFXSvRLM=
github.com/mattn/go-isatty v0.0.19 h1:JITubQf0MOLdlGRuRq+jtsDlekdYPia9ZFsB8h/APPA=
github.com/mattn/go-isatty v0.0.19/go.mod h1:W+V8PltTTMOvKvAeJH7IuucS94S2C6jfK/D7dTCTo3Y=
github.com/munnerz/goautoneg v0.0.0-20191010083416-a7dc8b61c822 h1:C3w9PqII01/Oq1c1nUAm88MOHcQC9l5mIlSMApZMrHA=
github.com/munnerz/goautoneg v0.0.0-20191010083416-a7dc8b61c822/go.mod h1:+n7T8mK8HuQTcFwEeznm/DIxMOiR9yIdICNftLE1DvQ=
github.com/parquet-go/bitpack v1.0.0 h1:AUqzlKzPPXf2bCdjfj4sTeacrUwsT7NlcYDMUQxPcQA=
github.com/parquet-go/bitpack v1.0.0/go.mod h1:XnVk9TH+O40eOOmvpAVZ7K2ocQFrQwysLMnc6M/8lgs=
github.com/parquet-go/jsonlite v1.0.0 h1:87QNdi56wOfsE5bdgas0vRzHPxfJgzrXGml1zZdd7VU=
github.com/parquet-go/jsonlite v1.0.0/go.mod h1:nDjpkpL4EOtqs6NQugUsi0Rleq9sW/OtC1NnZEnxzF0=
github.com/parquet-go/parquet-go v0.28.0 h1:ECyksyv8T2pOrlLsN7aWJIoQakyk/HtxQ2lchgS4els=
github.com/parquet-go/parquet-go v0.28.0/go.mod h1:navtkAYr2LGoJVp141oXPlO/sxLvaOe3la2JEoD8+rg=
github.com/pelletier/go-toml/v2 v2.2.4 h1:mye9XuhQ6gvn5h28+VilKrrPoQVanw5PMw/TB0t5Ec4=
github.com/pelletier/go-toml/v2 v2.2.4/go.mod h1:2gIqNv+qfxSVS7cM2xJQKtLSTLUE9V8t9Stt+h56mCY=
github.com/pierrec/lz4/v4 v4.1.21 h1:yOVMLb6qSIDP67pl/5F7RepeKYu/VmTyEXvuMI5d9mQ=
github.com/pierrec/lz4/v4 v4.1.21/go.mod h1:gZWDp/Ze/IJXGXf23ltt2EXimqmTUXEy0GFuRQyBid4=
github.com/pkg/errors v0.9.1/go.mod h1:bwawxfHBFNV+L2hUp1rHADufV3IMtnDRdf1r5NINEl0=
github.com/pmezard/go-difflib v1.0.0 h1:4DBwDE0NGyQoBHbLQYPwSUPoCMWR5BEzIk/f1lZbAQM=
github.com/pmezard/go-difflib v1.0.0/go.mod h1:iKH77koFhYxTK1pcRnkKkqfTogsbg7gZNVY4sRDYZ/4=
github.com/prometheus/client_golang v1.23.2 h1:Je96obch5RDVy3FDMndoUsjAhG5Edi49h0RJWRi/o0o=
github.com/prometheus/client_golang v1.23.2/go.mod h1:Tb1a6LWHB3/SPIzCoaDXI4I8UHKeFTEQ1YCr+0Gyqmg=
github.com/prometheus/client_model v0.6.2 h1:oBsgwpGs7iVziMvrGhE53c/GrLUsZdHnqNwqPLxwZyk=
github.com/prometheus/client_model v0.6.2/go.mod h1:y3m2F6Gdpfy6Ut/GBsUqTWZqCUvMVzSfMLjcu6wAwpE=
github.com/prometheus/common v0.66.1 h1:h5E0h5/Y8niHc5DlaLlWLArTQI7tMrsfQjHV+d9ZoGs=
github.com/prometheus/common v0.66.1/go.mod h1:gcaUsgf3KfRSwHY4dIMXLPV0K/Wg1oZ8+SbZk/HH/dA=
github.com/prometheus/procfs v0.16.1 h1:hZ15bTNuirocR6u0JZ6BAHHmwS1p8B4P6MRqxtzMyRg=
github.com/prometheus/procfs v0.16.1/go.mod h1:teAbpZRB1iIAJYREa1LsoWUXykVXA1KlTmWl8x/U+Is=
github.com/rogpeppe/go-internal v1.10.0 h1:TMyTOH3F/DB16zRVcYyreMH6GnZZrwQVAoYjRBZyWFQ=
github.com/rogpeppe/go-internal v1.10.0/go.mod h1:UQnix2H7Ngw/k4C5ijL5+65zddjncjaFoBhdsK/akog=
github.com/rs/xid v1.6.0/go.mod h1:7XoLgs4eV+QndskICGsho+ADou8ySMSjJKDIan90Nz0=
github.com/rs/zerolog v1.34.0 h1:k43nTLIwcTVQAncfCw4KZ2VY6ukYoZaBPNOE8txlOeY=
github.com/rs/zerolog v1.34.0/go.mod h1:bJsvje4Z08ROH4Nhs5iH600c3IkWhwp44iRc54W6wYQ=
github.com/sagikazarmark/locafero v0.11.0 h1:1iurJgmM9G3PA/I+wWYIOw/5SyBtxapeHDcg+AAIFXc=
github.com/sagikazarmark/locafero v0.11.0/go.mod h1:nVIGvgyzw595SUSUE6tvCp3YYTeHs15MvlmU87WwIik=
github.com/sourcegraph/conc v0.3.1-0.20240121214520-5f936abd7ae8 h1:+jumHNA0Wrelhe64i8F6HNlS8pkoyMv5sreGx2Ry5Rw=
github.com/sourcegraph/conc v0.3.1-0.20240121214520-5f936abd7ae8/go.mod h1:3n1Cwaq1E1/1lhQhtRK2ts/ZwZEhjcQeJQ1RuC6Q/8U=
github.com/spf13/afero v1.15.0 h1:b/YBCLWAJdFWJTN9cLhiXXcD7mzKn9Dm86dNnfyQw1I=
github.com/spf13/afero v1.15.0/go.mod h1:NC2ByUVxtQs4b3sIUphxK0NioZnmxgyCrfzeuq8lxMg=
github.com/spf13/cast v1.10.0 h1:h2x0u2shc1QuLHfxi+cTJvs30+ZAHOGRic8uyGTDWxY=
github.com/spf13/cast v1.10.0/go.mod h1:jNfB8QC9IA6ZuY2ZjDp0KtFO2LZZlg4S/7bzP6qqeHo=
github.com/spf13/pflag v1.0.10 h1:4EBh2KAYBwaONj6b2Ye1GiHfwjqyROoF4RwYO+vPwFk=
github.com/spf13/pflag v1.0.10/go.mod h1:McXfInJRrz4CZXVZOBLb0bTZqETkiAhM9Iw0y3An2Bg=
github.com/spf13/viper v1.21.0 h1:x5S+0EU27Lbphp4UKm1C+1oQO+rKx36vfCoaVebLFSU=
github.com/spf13/viper v1.21.0/go.mod h1:P0lhsswPGWD/1lZJ9ny3fYnVqxiegrlNrEmgLjbTCAY=
github.com/stretchr/testify v1.11.1 h1:7s2iGBzp5EwR7/aIZr8ao5+dra3wiQyKjjFuvgVKu7U=
github.com/stretchr/testify v1.11.1/go.mod h1:wZwfW3scLgRK+23gO65QZefKpKQRnfz6sD981Nm4B6U=
github.com/subosito/gotenv v1.6.0 h1:9NlTDc1FTs4qu0DDq7AEtTPNw6SVm7uBMsUCUjABIf8=
github.com/subosito/gotenv v1.6.0/go.mod h1:Dk4QP5c2W3ibzajGcXpNraDfq2IrhjMIvMSWPKKo0FU=
github.com/twpayne/go-geom v1.6.1 h1:iLE+Opv0Ihm/ABIcvQFGIiFBXd76oBIar9drAwHFhR4=
github.com/twpayne/go-geom v1.6.1/go.mod h1:Kr+Nly6BswFsKM5sd31YaoWS5PeDDH2NftJTK7Gd028=
github.com/xyproto/randomstring v1.0.5 h1:YtlWPoRdgMu3NZtP45drfy1GKoojuR7hmRcnhZqKjWU=
github.com/xyproto/randomstring v1.0.5/go.mod h1:rgmS5DeNXLivK7YprL0pY+lTuhNQW3iGxZ18UQApw/E=
go.uber.org/goleak v1.3.0 h1:2K3zAYmnTNqV73imy9J1T3WC+gmCePx2hEGkimedGto=
go.uber.org/goleak v1.3.0/go.mod h1:CoHD4mav9JJNrW/WLlf7HGZPjdw8EucARQHekz1X6bE=
go.yaml.in/yaml/v2 v2.4.2 h1:DzmwEr2rDGHl7lsFgAHxmNz/1NlQ7xLIrlN2h5d1eGI=
go.yaml.in/yaml/v2 v2.4.2/go.mod h1:081UH+NErpNdqlCXm3TtEran0rJZGxAYx9hb/ELlsPU=
go.yaml.in/yaml/v3 v3.0.4 h1:tfq32ie2Jv2UxXFdLJdh3jXuOzWiL1fo0bu/FbuKpbc=
go.yaml.in/yaml/v3 v3.0.4/go.mod h1:DhzuOOF2ATzADvBadXxruRBLzYTpT36CKvDb3+aBEFg=
golang.org/x/sys v0.0.0-20220811171246-fbc7d0a398ab/go.mod h1:oPkhp1MJrh7nUepCBck5+mAzfO9JrbApNNgaTdGDITg=
golang.org/x/sys v0.6.0/go.mod h1:oPkhp1MJrh7nUepCBck5+mAzfO9JrbApNNgaTdGDITg=
golang.org/x/sys v0.12.0/go.mod h1:oPkhp1MJrh7nUepCBck5+mAzfO9JrbApNNgaTdGDITg=
golang.org/x/sys v0.38.0 h1:3yZWxaJjBmCWXqhN1qh02AkOnCQ1poK6oF+a7xWL6Gc=
golang.org/x/sys v0.38.0/go.mod h1:OgkHotnGiDImocRcuBABYBEXf8A9a87e/uXjp9XT3ks=
golang.org/x/text v0.28.0 h1:rhazDwis8INMIwQ4tpjLDzUhx6RlXqZNPEM0huQojng=
golang.org/x/text v0.28.0/go.mod h1:U8nCwOR8jO/marOQ0QbDiOngZVEBB7MAiitBuMjXiNU=
google.golang.org/protobuf v1.36.8 h1:xHScyCOEuuwZEc6UtSOvPbAT4zRh0xcNRYekJwfqyMc=
google.golang.org/protobuf v1.36.8/go.mod h1:fuxRtAxBytpl4zzqUh6/eyUujkJdNiuEkXntxiD/uRU=
gopkg.in/check.v1 v0.0.0-20161208181325-20d25e280405/go.mod h1:Co6ibVJAznAaIkqp8huTwlJQCZ016jof/cbN4VW5Yz0=
gopkg.in/check.v1 v1.0.0-20201130134442-10cb98267c6c h1:Hei/4ADfdWqJk1ZMxUNpqntNwaWcugrBjAiHlqqRiVk=
gopkg.in/check.v1 v1.0.0-20201130134442-10cb98267c6c/go.mod h1:JHkPIbrfpd72SG/EVd6muEfDQjcINNoR0C8j2r3qZ4Q=
gopkg.in/yaml.v3 v3.0.1 h1:fxVm/GzAzEWqLHuvctI91KS9hhNmmWOoWu0XTYJS7CA=
gopkg.in/yaml.v3 v3.0.1/go.mod h1:K4uyk7z7BCEPqu6E+C64Yfv1cQ7kz7rIZviUmN+EgEM=
